
Microsoft Visual Studio Solution File, Format Version 12.00
# Visual Studio 15
VisualStudioVersion = 15.0.27130.2020
MinimumVisualStudioVersion = 10.0.40219.1
Project("{FAE04EC0-301F-11D3-BF4B-00C04F79EFBC}") = "PlayCan", "PlayCan\PlayCan.csproj", "{B9B8296B-D9F2-4173-A900-CBEF1A91D94F}"
EndProject
Global
	GlobalSection(SolutionConfigurationPlatforms) = preSolution
		Debug|Any CPU = Debug|Any CPU
		Release|Any CPU = Release|Any CPU
	EndGlobalSection
	GlobalSection(ProjectConfigurationPlatforms) = postSolution
		{B9B8296B-D9F2-4173-A900-CBEF1A91D94F}.Debug|Any CPU.ActiveCfg = Debug|Any CPU
		{B9B8296B-D9F2-4173-A900-CBEF1A91D94F}.Debug|Any CPU.Build.0 = Debug|Any CPU
		{B9B8296B-D9F2-4173-A900-CBEF1A91D94F}.Release|Any CPU.ActiveCfg = Release|Any CPU
		{B9B8296B-D9F2-4173-A900-CBEF1A91D94F}.Release|Any CPU.Build.0 = Release|Any CPU
	EndGlobalSection
	GlobalSection(SolutionProperties) = preSolution
		HideSolutionNode = FALSE
	EndGlobalSection
	GlobalSection(ExtensibilityGlobals) = postSolution
		SolutionGuid = {423CCE42-E6B7-4D3A-BAC4-5CB08BDBB078}
	EndGlobalSection
EndGlobal
